{
  "name": "panic-font",
  "version": "1.0.0",
  "lockfileVersion": 3,
  "requires": true,
  "packages": {
    "": {
      "name": "panic-font",
      "version": "1.0.0",
      "devDependencies": {
        "@fontsource-variable/geist": "^5.2.9"
      },
      "engines": {
        "node": ">=20"
      }
    },
    "node_modules/@fontsource-variable/geist": {
      "version": "5.2.9",
      "resolved": "https://registry.npmjs.org/@fontsource-variable/geist/-/geist-5.2.9.tgz",
      "integrity": "sha512-TP+QSBG3wxKGPE33CbMy/L0Nu3qvJ6Fy81Yc4LnQ95xH+i+cfEp8fyU8/kfV14YwszxIFPhnoMTbjL71waVpyQ==",
      "dev": true,
      "license": "OFL-1.1",
      "funding": {
        "url": "https://github.com/sponsors/ayuhito"
      }
    }
  }
}
